// !$*UTF8*$!
{
	archiveVersion = 1;
	classes = {
	};
	objectVersion = 50;
	objects = {

/* Begin PBXBuildFile section */
		510513D821ECA4B6004167EA /* main.cpp in Sources */ = {isa = PBXBuildFile; fileRef = 510513D721ECA4B6004167EA /* main.cpp */; };
		51F161C5224A603800CCDC9F /* ExtraFactory.cpp in Sources */ = {isa = PBXBuildFile; fileRef = 51F161C3224A603800CCDC9F /* ExtraFactory.cpp */; };
/* End PBXBuildFile section */

/* Begin PBXCopyFilesBuildPhase section */
		510513D221ECA4B6004167EA /* CopyFiles */ = {
			isa = PBXCopyFilesBuildPhase;
			buildActionMask = 2147483647;
			dstPath = /usr/share/man/man1/;
			dstSubfolderSpec = 0;
			files = (
			);
			runOnlyForDeploymentPostprocessing = 1;
		};
/* End PBXCopyFilesBuildPhase section */

/* Begin PBXFileReference section */
		510513D421ECA4B6004167EA /* CountMin Sketch */ = {isa = PBXFileReference; explicitFileType = "compiled.mach-o.executable"; includeInIndex = 0; path = "CountMin Sketch"; sourceTree = BUILT_PRODUCTS_DIR; };
		510513D721ECA4B6004167EA /* main.cpp */ = {isa = PBXFileReference; lastKnownFileType = sourcecode.cpp.cpp; path = main.cpp; sourceTree = "<group>"; };
		510513DF21ECA7F4004167EA /* HashColumn.cpp */ = {isa = PBXFileReference; lastKnownFileType = sourcecode.cpp.cpp; path = HashColumn.cpp; sourceTree = "<group>"; };
		510513E021ECB65F004167EA /* CMSTable.cpp */ = {isa = PBXFileReference; lastKnownFileType = sourcecode.cpp.cpp; path = CMSTable.cpp; sourceTree = "<group>"; };
		511B61A821F1097600CE50F1 /* Generator.cpp */ = {isa = PBXFileReference; lastKnownFileType = sourcecode.cpp.cpp; path = Generator.cpp; sourceTree = "<group>"; };
		511B61A921F1151A00CE50F1 /* SimLib.cpp */ = {isa = PBXFileReference; lastKnownFileType = sourcecode.cpp.cpp; path = SimLib.cpp; sourceTree = "<group>"; };
		511CF342224D0971001EDB65 /* CWS_Ioffe_testing.h */ = {isa = PBXFileReference; lastKnownFileType = sourcecode.c.h; path = CWS_Ioffe_testing.h; sourceTree = "<group>"; };
		513AED3921FEDE5D00241617 /* CWSSketch.cpp */ = {isa = PBXFileReference; lastKnownFileType = sourcecode.cpp.cpp; path = CWSSketch.cpp; sourceTree = "<group>"; };
		51460EFB224956AE00D1ED1C /* CountMinTable_testing.h */ = {isa = PBXFileReference; lastKnownFileType = sourcecode.c.h; path = CountMinTable_testing.h; sourceTree = "<group>"; };
		518DA17121FCAFF40074D447 /* CWSLib.cpp */ = {isa = PBXFileReference; lastKnownFileType = sourcecode.cpp.cpp; path = CWSLib.cpp; sourceTree = "<group>"; };
		51BC6616224B7AEC00F77466 /* CWS_Manasse_testing.h */ = {isa = PBXFileReference; lastKnownFileType = sourcecode.c.h; path = CWS_Manasse_testing.h; sourceTree = "<group>"; };
		51E0C7B52249055400B56912 /* Hasher.hpp */ = {isa = PBXFileReference; lastKnownFileType = sourcecode.cpp.h; path = Hasher.hpp; sourceTree = "<group>"; };
		51E0C7B622490AA600B56912 /* HashColumn.hpp */ = {isa = PBXFileReference; lastKnownFileType = sourcecode.cpp.h; path = HashColumn.hpp; sourceTree = "<group>"; };
		51E0C7B722490D8800B56912 /* CWSSketch.hpp */ = {isa = PBXFileReference; lastKnownFileType = sourcecode.cpp.h; path = CWSSketch.hpp; sourceTree = "<group>"; };
		51E0C7B82249111500B56912 /* Generator.hpp */ = {isa = PBXFileReference; lastKnownFileType = sourcecode.cpp.h; path = Generator.hpp; sourceTree = "<group>"; };
		51E0C7B92249120A00B56912 /* SimLib.hpp */ = {isa = PBXFileReference; lastKnownFileType = sourcecode.cpp.h; path = SimLib.hpp; sourceTree = "<group>"; };
		51E0C7BA224915F000B56912 /* Random.hpp */ = {isa = PBXFileReference; lastKnownFileType = sourcecode.cpp.h; path = Random.hpp; sourceTree = "<group>"; };
		51E0C7BB2249200800B56912 /* CWSLib.hpp */ = {isa = PBXFileReference; lastKnownFileType = sourcecode.cpp.h; path = CWSLib.hpp; sourceTree = "<group>"; };
		51E0C7BC2249218E00B56912 /* CMSTable.hpp */ = {isa = PBXFileReference; lastKnownFileType = sourcecode.cpp.h; path = CMSTable.hpp; sourceTree = "<group>"; };
		51E6323121ED124000D17F76 /* Hasher.cpp */ = {isa = PBXFileReference; lastKnownFileType = sourcecode.cpp.cpp; path = Hasher.cpp; sourceTree = "<group>"; };
		51E6323221ED1A0C00D17F76 /* Random.cpp */ = {isa = PBXFileReference; lastKnownFileType = sourcecode.cpp.cpp; path = Random.cpp; sourceTree = "<group>"; };
		51F161C3224A603800CCDC9F /* ExtraFactory.cpp */ = {isa = PBXFileReference; lastKnownFileType = sourcecode.cpp.cpp; path = ExtraFactory.cpp; sourceTree = "<group>"; };
		51F161C4224A603800CCDC9F /* ExtraFactory.hpp */ = {isa = PBXFileReference; lastKnownFileType = sourcecode.cpp.h; path = ExtraFactory.hpp; sourceTree = "<group>"; };
/* End PBXFileReference section */

/* Begin PBXFrameworksBuildPhase section */
		510513D121ECA4B6004167EA /* Frameworks */ = {
			isa = PBXFrameworksBuildPhase;
			buildActionMask = 2147483647;
			files = (
			);
			runOnlyForDeploymentPostprocessing = 0;
		};
/* End PBXFrameworksBuildPhase section */

/* Begin PBXGroup section */
		510513CB21ECA4B6004167EA = {
			isa = PBXGroup;
			children = (
				510513D621ECA4B6004167EA /* CountMin Sketch */,
				510513D521ECA4B6004167EA /* Products */,
			);
			sourceTree = "<group>";
		};
		510513D521ECA4B6004167EA /* Products */ = {
			isa = PBXGroup;
			children = (
				510513D421ECA4B6004167EA /* CountMin Sketch */,
			);
			name = Products;
			sourceTree = "<group>";
		};
		510513D621ECA4B6004167EA /* CountMin Sketch */ = {
			isa = PBXGroup;
			children = (
				510513D721ECA4B6004167EA /* main.cpp */,
				51BC6616224B7AEC00F77466 /* CWS_Manasse_testing.h */,
				511CF342224D0971001EDB65 /* CWS_Ioffe_testing.h */,
				51F161C3224A603800CCDC9F /* ExtraFactory.cpp */,
				51F161C4224A603800CCDC9F /* ExtraFactory.hpp */,
				51460EFB224956AE00D1ED1C /* CountMinTable_testing.h */,
				518DA17121FCAFF40074D447 /* CWSLib.cpp */,
				51E0C7BB2249200800B56912 /* CWSLib.hpp */,
				513AED3921FEDE5D00241617 /* CWSSketch.cpp */,
				51E0C7B722490D8800B56912 /* CWSSketch.hpp */,
				511B61A821F1097600CE50F1 /* Generator.cpp */,
				51E0C7B82249111500B56912 /* Generator.hpp */,
				511B61A921F1151A00CE50F1 /* SimLib.cpp */,
				51E0C7B92249120A00B56912 /* SimLib.hpp */,
				510513E021ECB65F004167EA /* CMSTable.cpp */,
				51E0C7BC2249218E00B56912 /* CMSTable.hpp */,
				51E6323121ED124000D17F76 /* Hasher.cpp */,
				51E0C7B52249055400B56912 /* Hasher.hpp */,
				51E6323221ED1A0C00D17F76 /* Random.cpp */,
				51E0C7BA224915F000B56912 /* Random.hpp */,
				510513DF21ECA7F4004167EA /* HashColumn.cpp */,
				51E0C7B622490AA600B56912 /* HashColumn.hpp */,
			);
			path = "CountMin Sketch";
			sourceTree = "<group>";
		};
/* End PBXGroup section */

/* Begin PBXNativeTarget section */
		510513D321ECA4B6004167EA /* CountMin Sketch */ = {
			isa = PBXNativeTarget;
			buildConfigurationList = 510513DB21ECA4B6004167EA /* Build configuration list for PBXNativeTarget "CountMin Sketch" */;
			buildPhases = (
				510513D021ECA4B6004167EA /* Sources */,
				510513D121ECA4B6004167EA /* Frameworks */,
				510513D221ECA4B6004167EA /* CopyFiles */,
			);
			buildRules = (
			);
			dependencies = (
			);
			name = "CountMin Sketch";
			productName = "CountMin Sketch";
			productReference = 510513D421ECA4B6004167EA /* CountMin Sketch */;
			productType = "com.apple.product-type.tool";
		};
/* End PBXNativeTarget section */

/* Begin PBXProject section */
		510513CC21ECA4B6004167EA /* Project object */ = {
			isa = PBXProject;
			attributes = {
				LastUpgradeCheck = 0940;
				ORGANIZATIONNAME = Mahmud;
				TargetAttributes = {
					510513D321ECA4B6004167EA = {
						CreatedOnToolsVersion = 9.4.1;
					};
				};
			};
			buildConfigurationList = 510513CF21ECA4B6004167EA /* Build configuration list for PBXProject "CountMin Sketch" */;
			compatibilityVersion = "Xcode 9.3";
			developmentRegion = en;
			hasScannedForEncodings = 0;
			knownRegions = (
				en,
				Base,
			);
			mainGroup = 510513CB21ECA4B6004167EA;
			productRefGroup = 510513D521ECA4B6004167EA /* Products */;
			projectDirPath = "";
			projectRoot = "";
			targets = (
				510513D321ECA4B6004167EA /* CountMin Sketch */,
			);
		};
/* End PBXProject section */

/* Begin PBXSourcesBuildPhase section */
		510513D021ECA4B6004167EA /* Sources */ = {
			isa = PBXSourcesBuildPhase;
			buildActionMask = 2147483647;
			files = (
				510513D821ECA4B6004167EA /* main.cpp in Sources */,
				51F161C5224A603800CCDC9F /* ExtraFactory.cpp in Sources */,
			);
			runOnlyForDeploymentPostprocessing = 0;
		};
/* End PBXSourcesBuildPhase section */

/* Begin XCBuildConfiguration section */
		510513D921ECA4B6004167EA /* Debug */ = {
			isa = XCBuildConfiguration;
			buildSettings = {
				ALWAYS_SEARCH_USER_PATHS = NO;
				CLANG_ANALYZER_NONNULL = YES;
				CLANG_ANALYZER_NUMBER_OBJECT_CONVERSION = YES_AGGRESSIVE;
				CLANG_CXX_LANGUAGE_STANDARD = "gnu++14";
				CLANG_CXX_LIBRARY = "libc++";
				CLANG_ENABLE_MODULES = YES;
				CLANG_ENABLE_OBJC_ARC = YES;
				CLANG_ENABLE_OBJC_WEAK = YES;
				CLANG_WARN_BLOCK_CAPTURE_AUTORELEASING = YES;
				CLANG_WARN_BOOL_CONVERSION = YES;
				CLANG_WARN_COMMA = YES;
				CLANG_WARN_CONSTANT_CONVERSION = YES;
				CLANG_WARN_DEPRECATED_OBJC_IMPLEMENTATIONS = YES;
				CLANG_WARN_DIRECT_OBJC_ISA_USAGE = YES_ERROR;
				CLANG_WARN_DOCUMENTATION_COMMENTS = YES;
				CLANG_WARN_EMPTY_BODY = YES;
				CLANG_WARN_ENUM_CONVERSION = YES;
				CLANG_WARN_INFINITE_RECURSION = YES;
				CLANG_WARN_INT_CONVERSION = YES;
				CLANG_WARN_NON_LITERAL_NULL_CONVERSION = YES;
				CLANG_WARN_OBJC_IMPLICIT_RETAIN_SELF = YES;
				CLANG_WARN_OBJC_LITERAL_CONVERSION = YES;
				CLANG_WARN_OBJC_ROOT_CLASS = YES_ERROR;
				CLANG_WARN_RANGE_LOOP_ANALYSIS = YES;
				CLANG_WARN_STRICT_PROTOTYPES = YES;
				CLANG_WARN_SUSPICIOUS_MOVE = YES;
				CLANG_WARN_UNGUARDED_AVAILABILITY = YES_AGGRESSIVE;
				CLANG_WARN_UNREACHABLE_CODE = YES;
				CLANG_WARN__DUPLICATE_METHOD_MATCH = YES;
				CODE_SIGN_IDENTITY = "-";
				COPY_PHASE_STRIP = NO;
				DEBUG_INFORMATION_FORMAT = dwarf;
				ENABLE_STRICT_OBJC_MSGSEND = YES;
				ENABLE_TESTABILITY = YES;
				GCC_C_LANGUAGE_STANDARD = gnu11;
				GCC_DYNAMIC_NO_PIC = NO;
				GCC_NO_COMMON_BLOCKS = YES;
				GCC_OPTIMIZATION_LEVEL = 0;
				GCC_PREPROCESSOR_DEFINITIONS = (
					"DEBUG=1",
					"$(inherited)",
				);
				GCC_WARN_64_TO_32_BIT_CONVERSION = YES;
				GCC_WARN_ABOUT_RETURN_TYPE = YES_ERROR;
				GCC_WARN_UNDECLARED_SELECTOR = YES;
				GCC_WARN_UNINITIALIZED_AUTOS = YES_AGGRESSIVE;
				GCC_WARN_UNUSED_FUNCTION = YES;
				GCC_WARN_UNUSED_VARIABLE = YES;
				MACOSX_DEPLOYMENT_TARGET = 10.14;
				MTL_ENABLE_DEBUG_INFO = YES;
				ONLY_ACTIVE_ARCH = YES;
				SDKROOT = macosx;
			};
			name = Debug;
		};
		510513DA21ECA4B6004167EA /* Release */ = {
			isa = XCBuildConfiguration;
			buildSettings = {
				ALWAYS_SEARCH_USER_PATHS = NO;
				CLANG_ANALYZER_NONNULL = YES;
				CLANG_ANALYZER_NUMBER_OBJECT_CONVERSION = YES_AGGRESSIVE;
				CLANG_CXX_LANGUAGE_STANDARD = "gnu++14";
				CLANG_CXX_LIBRARY = "libc++";
				CLANG_ENABLE_MODULES = YES;
				CLANG_ENABLE_OBJC_ARC = YES;
				CLANG_ENABLE_OBJC_WEAK = YES;
				CLANG_WARN_BLOCK_CAPTURE_AUTORELEASING = YES;
				CLANG_WARN_BOOL_CONVERSION = YES;
				CLANG_WARN_COMMA = YES;
				CLANG_WARN_CONSTANT_CONVERSION = YES;
				CLANG_WARN_DEPRECATED_OBJC_IMPLEMENTATIONS = YES;
				CLANG_WARN_DIRECT_OBJC_ISA_USAGE = YES_ERROR;
				CLANG_WARN_DOCUMENTATION_COMMENTS = YES;
				CLANG_WARN_EMPTY_BODY = YES;
				CLANG_WARN_ENUM_CONVERSION = YES;
				CLANG_WARN_INFINITE_RECURSION = YES;
				CLANG_WARN_INT_CONVERSION = YES;
				CLANG_WARN_NON_LITERAL_NULL_CONVERSION = YES;
				CLANG_WARN_OBJC_IMPLICIT_RETAIN_SELF = YES;
				CLANG_WARN_OBJC_LITERAL_CONVERSION = YES;
				CLANG_WARN_OBJC_ROOT_CLASS = YES_ERROR;
				CLANG_WARN_RANGE_LOOP_ANALYSIS = YES;
				CLANG_WARN_STRICT_PROTOTYPES = YES;
				CLANG_WARN_SUSPICIOUS_MOVE = YES;
				CLANG_WARN_UNGUARDED_AVAILABILITY = YES_AGGRESSIVE;
				CLANG_WARN_UNREACHABLE_CODE = YES;
				CLANG_WARN__DUPLICATE_METHOD_MATCH = YES;
				CODE_SIGN_IDENTITY = "-";
				COPY_PHASE_STRIP = NO;
				DEBUG_INFORMATION_FORMAT = "dwarf-with-dsym";
				ENABLE_NS_ASSERTIONS = NO;
				ENABLE_STRICT_OBJC_MSGSEND = YES;
				GCC_C_LANGUAGE_STANDARD = gnu11;
				GCC_NO_COMMON_BLOCKS = YES;
				GCC_WARN_64_TO_32_BIT_CONVERSION = YES;
				GCC_WARN_ABOUT_RETURN_TYPE = YES_ERROR;
				GCC_WARN_UNDECLARED_SELECTOR = YES;
				GCC_WARN_UNINITIALIZED_AUTOS = YES_AGGRESSIVE;
				GCC_WARN_UNUSED_FUNCTION = YES;
				GCC_WARN_UNUSED_VARIABLE = YES;
				MACOSX_DEPLOYMENT_TARGET = 10.14;
				MTL_ENABLE_DEBUG_INFO = NO;
				SDKROOT = macosx;
			};
			name = Release;
		};
		510513DC21ECA4B6004167EA /* Debug */ = {
			isa = XCBuildConfiguration;
			buildSettings = {
				CLANG_CXX_LANGUAGE_STANDARD = "c++17";
				CODE_SIGN_STYLE = Automatic;
				"HEADER_SEARCH_PATHS[arch=*]" = "/Applications/Xcode.app/Contents/Developer/Toolchains/XcodeDefault.xctoolchain/usr/include/c++/v1";
				MACOSX_DEPLOYMENT_TARGET = 10.13;
				PRODUCT_NAME = "$(TARGET_NAME)";
			};
			name = Debug;
		};
		510513DD21ECA4B6004167EA /* Release */ = {
			isa = XCBuildConfiguration;
			buildSettings = {
				CLANG_CXX_LANGUAGE_STANDARD = "c++17";
				CODE_SIGN_STYLE = Automatic;
				"HEADER_SEARCH_PATHS[arch=*]" = /usr/local/Cellar/boost/1.68.0_1/include/;
				MACOSX_DEPLOYMENT_TARGET = 10.13;
				PRODUCT_NAME = "$(TARGET_NAME)";
			};
			name = Release;
		};
/* End XCBuildConfiguration section */

/* Begin XCConfigurationList section */
		510513CF21ECA4B6004167EA /* Build configuration list for PBXProject "CountMin Sketch" */ = {
			isa = XCConfigurationList;
			buildConfigurations = (
				510513D921ECA4B6004167EA /* Debug */,
				510513DA21ECA4B6004167EA /* Release */,
			);
			defaultConfigurationIsVisible = 0;
			defaultConfigurationName = Release;
		};
		510513DB21ECA4B6004167EA /* Build configuration list for PBXNativeTarget "CountMin Sketch" */ = {
			isa = XCConfigurationList;
			buildConfigurations = (
				510513DC21ECA4B6004167EA /* Debug */,
				510513DD21ECA4B6004167EA /* Release */,
			);
			defaultConfigurationIsVisible = 0;
			defaultConfigurationName = Release;
		};
/* End XCConfigurationList section */
	};
	rootObject = 510513CC21ECA4B6004167EA /* Project object */;
}
